// !$*UTF8*$!
{
	archiveVersion = 1;
	classes = {
	};
	objectVersion = 50;
	objects = {

/* Begin PBXBuildFile section */
		B301ED9E25CC0FF30059EB39 /* UILabel+Extensions.swift in Sources */ = {isa = PBXBuildFile; fileRef = B301ED9D25CC0FF30059EB39 /* UILabel+Extensions.swift */; };
		B301EDA525CC17650059EB39 /* DataBaseManager.swift in Sources */ = {isa = PBXBuildFile; fileRef = B301EDA425CC17650059EB39 /* DataBaseManager.swift */; };
		B301EDCF25CC63AE0059EB39 /* PokemonsDetailsViewModelTests.swift in Sources */ = {isa = PBXBuildFile; fileRef = B301EDCE25CC63AE0059EB39 /* PokemonsDetailsViewModelTests.swift */; };
		B301EDD425D322FA0059EB39 /* Atomic.swift in Sources */ = {isa = PBXBuildFile; fileRef = B301EDD325D322FA0059EB39 /* Atomic.swift */; };
		B301EDDC25D5124C0059EB39 /* PokemonsListViewModelTests.swift in Sources */ = {isa = PBXBuildFile; fileRef = B301EDDB25D5124C0059EB39 /* PokemonsListViewModelTests.swift */; };
		B301EDE125D51CE40059EB39 /* PokemonsListFetcherSessionMock.swift in Sources */ = {isa = PBXBuildFile; fileRef = B301EDE025D51CE40059EB39 /* PokemonsListFetcherSessionMock.swift */; };
		B36A425F25D51D8900CC1A26 /* PokemonsListFetcherMock.swift in Sources */ = {isa = PBXBuildFile; fileRef = B36A425E25D51D8900CC1A26 /* PokemonsListFetcherMock.swift */; };
		B36A426425D51EA700CC1A26 /* PokemonsDetailsFetcherMock.swift in Sources */ = {isa = PBXBuildFile; fileRef = B36A426325D51EA700CC1A26 /* PokemonsDetailsFetcherMock.swift */; };
		B36A426925D51F1F00CC1A26 /* BaseDataManagerMock.swift in Sources */ = {isa = PBXBuildFile; fileRef = B36A426825D51F1F00CC1A26 /* BaseDataManagerMock.swift */; };
		B36A426E25D5235C00CC1A26 /* PokemonsListViewModelMock.swift in Sources */ = {isa = PBXBuildFile; fileRef = B36A426D25D5235C00CC1A26 /* PokemonsListViewModelMock.swift */; };
		B36A427325D59CDC00CC1A26 /* ConstantsTests.swift in Sources */ = {isa = PBXBuildFile; fileRef = B36A427225D59CDC00CC1A26 /* ConstantsTests.swift */; };
		B36A427825D5A04100CC1A26 /* PokemonsDetailsFetcherTests.swift in Sources */ = {isa = PBXBuildFile; fileRef = B36A427725D5A04100CC1A26 /* PokemonsDetailsFetcherTests.swift */; };
		B36A427D25D5AAF700CC1A26 /* PokemonsDetailsFetcherSessionMock.swift in Sources */ = {isa = PBXBuildFile; fileRef = B36A427C25D5AAF700CC1A26 /* PokemonsDetailsFetcherSessionMock.swift */; };
		B36A428625D6562300CC1A26 /* HorizontalProgressBarTests.swift in Sources */ = {isa = PBXBuildFile; fileRef = B36A428525D6562300CC1A26 /* HorizontalProgressBarTests.swift */; };
		B36A428E25D65EE000CC1A26 /* PokemonsTableViewCellTests.swift in Sources */ = {isa = PBXBuildFile; fileRef = B36A428D25D65EE000CC1A26 /* PokemonsTableViewCellTests.swift */; };
		B36A429325D664B000CC1A26 /* PokemonsDetailsViewControllerTests.swift in Sources */ = {isa = PBXBuildFile; fileRef = B36A429225D664B000CC1A26 /* PokemonsDetailsViewControllerTests.swift */; };
		B36A429825D664E800CC1A26 /* PokemonsListViewControllerTests.swift in Sources */ = {isa = PBXBuildFile; fileRef = B36A429725D664E800CC1A26 /* PokemonsListViewControllerTests.swift */; };
		B36A42A025D6669100CC1A26 /* PokemonsDetailsViewModelMock.swift in Sources */ = {isa = PBXBuildFile; fileRef = B36A429F25D6669000CC1A26 /* PokemonsDetailsViewModelMock.swift */; };
		B37413BD25C9550300DF493C /* PokemonTableViewCell.swift in Sources */ = {isa = PBXBuildFile; fileRef = B37413BC25C9550300DF493C /* PokemonTableViewCell.swift */; };
		B37413C325C9551900DF493C /* PokemonCellViewModel.swift in Sources */ = {isa = PBXBuildFile; fileRef = B37413C225C9551900DF493C /* PokemonCellViewModel.swift */; };
		B37413CC25C956C700DF493C /* Constants.swift in Sources */ = {isa = PBXBuildFile; fileRef = B37413CB25C956C700DF493C /* Constants.swift */; };
		B37413D525C9592F00DF493C /* String+Extensions.swift in Sources */ = {isa = PBXBuildFile; fileRef = B37413D425C9592F00DF493C /* String+Extensions.swift */; };
		B3F9962125C9856400222456 /* PokemonsDetailsViewController.swift in Sources */ = {isa = PBXBuildFile; fileRef = B3F9962025C9856400222456 /* PokemonsDetailsViewController.swift */; };
		B3F9962625C9857400222456 /* PokemonsDetailsViewModel.swift in Sources */ = {isa = PBXBuildFile; fileRef = B3F9962525C9857400222456 /* PokemonsDetailsViewModel.swift */; };
		B3F9962B25C9891700222456 /* PokemonsDetailsFetcher.swift in Sources */ = {isa = PBXBuildFile; fileRef = B3F9962A25C9891700222456 /* PokemonsDetailsFetcher.swift */; };
		B3F9963625C9B53200222456 /* HTTPMethodTests.swift in Sources */ = {isa = PBXBuildFile; fileRef = B3F9963425C9B53100222456 /* HTTPMethodTests.swift */; };
		B3F9963725C9B53200222456 /* HTTPSessionTests.swift in Sources */ = {isa = PBXBuildFile; fileRef = B3F9963525C9B53200222456 /* HTTPSessionTests.swift */; };
		B3F9964625C9B54100222456 /* DataTaskMock.swift in Sources */ = {isa = PBXBuildFile; fileRef = B3F9964025C9B54100222456 /* DataTaskMock.swift */; };
		B3F9964725C9B54100222456 /* NetworkSessionMock.swift in Sources */ = {isa = PBXBuildFile; fileRef = B3F9964125C9B54100222456 /* NetworkSessionMock.swift */; };
		B3F9964825C9B54100222456 /* HTTPRequestMock.swift in Sources */ = {isa = PBXBuildFile; fileRef = B3F9964225C9B54100222456 /* HTTPRequestMock.swift */; };
		B3F9964925C9B54100222456 /* MockEndpoint.swift in Sources */ = {isa = PBXBuildFile; fileRef = B3F9964325C9B54100222456 /* MockEndpoint.swift */; };
		B3F9965625C9B55100222456 /* ServiceTests.swift in Sources */ = {isa = PBXBuildFile; fileRef = B3F9965025C9B55000222456 /* ServiceTests.swift */; };
		B3F9965725C9B55100222456 /* PokemonsListFetcherServiceTests.swift in Sources */ = {isa = PBXBuildFile; fileRef = B3F9965125C9B55000222456 /* PokemonsListFetcherServiceTests.swift */; };
		B3F9965825C9B55100222456 /* NetworkErrorTests.swift in Sources */ = {isa = PBXBuildFile; fileRef = B3F9965225C9B55000222456 /* NetworkErrorTests.swift */; };
		B3F9965925C9B55100222456 /* PokemonsListResponseTests.swift in Sources */ = {isa = PBXBuildFile; fileRef = B3F9965325C9B55000222456 /* PokemonsListResponseTests.swift */; };
		B3F9965A25C9B55100222456 /* ServiceManagerTests.swift in Sources */ = {isa = PBXBuildFile; fileRef = B3F9965425C9B55000222456 /* ServiceManagerTests.swift */; };
		B3F9965B25C9B55100222456 /* PokemonsListTests.swift in Sources */ = {isa = PBXBuildFile; fileRef = B3F9965525C9B55100222456 /* PokemonsListTests.swift */; };
		B3F9966D25C9B58800222456 /* UIView+Tests.swift in Sources */ = {isa = PBXBuildFile; fileRef = B3F9966C25C9B58800222456 /* UIView+Tests.swift */; };
		B3F9968625C9C97500222456 /* ImageDownloader.swift in Sources */ = {isa = PBXBuildFile; fileRef = B3F9968525C9C97500222456 /* ImageDownloader.swift */; };
		B3F9968B25C9D33500222456 /* StringTests.swift in Sources */ = {isa = PBXBuildFile; fileRef = B3F9968A25C9D33500222456 /* StringTests.swift */; };
		B3F996A725CB22F700222456 /* HorizontalProgressBar.swift in Sources */ = {isa = PBXBuildFile; fileRef = B3F996A625CB22F700222456 /* HorizontalProgressBar.swift */; };
		B3F996B225CBF0BB00222456 /* UIView+Extensions.swift in Sources */ = {isa = PBXBuildFile; fileRef = B3F996B125CBF0BB00222456 /* UIView+Extensions.swift */; };
		B3F996B725CBF0C700222456 /* UIViewController+Extensions.swift in Sources */ = {isa = PBXBuildFile; fileRef = B3F996B625CBF0C700222456 /* UIViewController+Extensions.swift */; };
		F19E510F25C92F4D003D2487 /* AppDelegate.swift in Sources */ = {isa = PBXBuildFile; fileRef = F19E510E25C92F4D003D2487 /* AppDelegate.swift */; };
		F19E511925C92F4D003D2487 /* Pokemon.xcdatamodeld in Sources */ = {isa = PBXBuildFile; fileRef = F19E511725C92F4D003D2487 /* Pokemon.xcdatamodeld */; };
		F19E511B25C92F55003D2487 /* Assets.xcassets in Resources */ = {isa = PBXBuildFile; fileRef = F19E511A25C92F55003D2487 /* Assets.xcassets */; };
		F19E511E25C92F55003D2487 /* LaunchScreen.storyboard in Resources */ = {isa = PBXBuildFile; fileRef = F19E511C25C92F55003D2487 /* LaunchScreen.storyboard */; };
		F19E512925C92F56003D2487 /* PokemonTests.swift in Sources */ = {isa = PBXBuildFile; fileRef = F19E512825C92F56003D2487 /* PokemonTests.swift */; };
		F19E513425C92F56003D2487 /* PokemonUITests.swift in Sources */ = {isa = PBXBuildFile; fileRef = F19E513325C92F56003D2487 /* PokemonUITests.swift */; };
		F19E515825C932AF003D2487 /* PokemonsListViewController.swift in Sources */ = {isa = PBXBuildFile; fileRef = F19E515625C932AF003D2487 /* PokemonsListViewController.swift */; };
		F19E515925C932AF003D2487 /* PokemonsListViewModel.swift in Sources */ = {isa = PBXBuildFile; fileRef = F19E515725C932AF003D2487 /* PokemonsListViewModel.swift */; };
		F19E516425C932CA003D2487 /* PokemonsListFetcher.swift in Sources */ = {isa = PBXBuildFile; fileRef = F19E516125C932CA003D2487 /* PokemonsListFetcher.swift */; };
		F19E516525C932CA003D2487 /* Reachability.swift in Sources */ = {isa = PBXBuildFile; fileRef = F19E516225C932CA003D2487 /* Reachability.swift */; };
		F19E516625C932CA003D2487 /* Pokemon.swift in Sources */ = {isa = PBXBuildFile; fileRef = F19E516325C932CA003D2487 /* Pokemon.swift */; };
		F19E517025C932DB003D2487 /* HTTPManagerService.swift in Sources */ = {isa = PBXBuildFile; fileRef = F19E516B25C932DB003D2487 /* HTTPManagerService.swift */; };
		F19E517125C932DB003D2487 /* HTTPMethod.swift in Sources */ = {isa = PBXBuildFile; fileRef = F19E516C25C932DB003D2487 /* HTTPMethod.swift */; };
		F19E517225C932DB003D2487 /* HTTPRequestSession.swift in Sources */ = {isa = PBXBuildFile; fileRef = F19E516D25C932DB003D2487 /* HTTPRequestSession.swift */; };
		F19E517325C932DB003D2487 /* HTTPRequest.swift in Sources */ = {isa = PBXBuildFile; fileRef = F19E516E25C932DB003D2487 /* HTTPRequest.swift */; };
		F19E517425C932DB003D2487 /* HTTPServiceRequest.swift in Sources */ = {isa = PBXBuildFile; fileRef = F19E516F25C932DB003D2487 /* HTTPServiceRequest.swift */; };
		F19E517D25C932EB003D2487 /* NetworkError.swift in Sources */ = {isa = PBXBuildFile; fileRef = F19E517925C932EB003D2487 /* NetworkError.swift */; };
		F19E517E25C932EB003D2487 /* Service.swift in Sources */ = {isa = PBXBuildFile; fileRef = F19E517A25C932EB003D2487 /* Service.swift */; };
		F19E517F25C932EB003D2487 /* NetworkManager.swift in Sources */ = {isa = PBXBuildFile; fileRef = F19E517B25C932EB003D2487 /* NetworkManager.swift */; };
		F19E518025C932EB003D2487 /* Endpoint.swift in Sources */ = {isa = PBXBuildFile; fileRef = F19E517C25C932EB003D2487 /* Endpoint.swift */; };
/* End PBXBuildFile section */

/* Begin PBXContainerItemProxy section */
		F19E512525C92F56003D2487 /* PBXContainerItemProxy */ = {
			isa = PBXContainerItemProxy;
			containerPortal = F19E510325C92F4D003D2487 /* Project object */;
			proxyType = 1;
			remoteGlobalIDString = F19E510A25C92F4D003D2487;
			remoteInfo = Pokemon;
		};
		F19E513025C92F56003D2487 /* PBXContainerItemProxy */ = {
			isa = PBXContainerItemProxy;
			containerPortal = F19E510325C92F4D003D2487 /* Project object */;
			proxyType = 1;
			remoteGlobalIDString = F19E510A25C92F4D003D2487;
			remoteInfo = Pokemon;
		};
/* End PBXContainerItemProxy section */

/* Begin PBXFileReference section */
		B301ED9D25CC0FF30059EB39 /* UILabel+Extensions.swift */ = {isa = PBXFileReference; lastKnownFileType = sourcecode.swift; path = "UILabel+Extensions.swift"; sourceTree = "<group>"; };
		B301EDA425CC17650059EB39 /* DataBaseManager.swift */ = {isa = PBXFileReference; lastKnownFileType = sourcecode.swift; path = DataBaseManager.swift; sourceTree = "<group>"; };
		B301EDCE25CC63AE0059EB39 /* PokemonsDetailsViewModelTests.swift */ = {isa = PBXFileReference; lastKnownFileType = sourcecode.swift; path = PokemonsDetailsViewModelTests.swift; sourceTree = "<group>"; };
		B301EDD325D322FA0059EB39 /* Atomic.swift */ = {isa = PBXFileReference; lastKnownFileType = sourcecode.swift; path = Atomic.swift; sourceTree = "<group>"; };
		B301EDDB25D5124C0059EB39 /* PokemonsListViewModelTests.swift */ = {isa = PBXFileReference; lastKnownFileType = sourcecode.swift; path = PokemonsListViewModelTests.swift; sourceTree = "<group>"; };
		B301EDE025D51CE40059EB39 /* PokemonsListFetcherSessionMock.swift */ = {isa = PBXFileReference; lastKnownFileType = sourcecode.swift; path = PokemonsListFetcherSessionMock.swift; sourceTree = "<group>"; };
		B36A425E25D51D8900CC1A26 /* PokemonsListFetcherMock.swift */ = {isa = PBXFileReference; lastKnownFileType = sourcecode.swift; path = PokemonsListFetcherMock.swift; sourceTree = "<group>"; };
		B36A426325D51EA700CC1A26 /* PokemonsDetailsFetcherMock.swift */ = {isa = PBXFileReference; lastKnownFileType = sourcecode.swift; path = PokemonsDetailsFetcherMock.swift; sourceTree = "<group>"; };
		B36A426825D51F1F00CC1A26 /* BaseDataManagerMock.swift */ = {isa = PBXFileReference; lastKnownFileType = sourcecode.swift; path = BaseDataManagerMock.swift; sourceTree = "<group>"; };
		B36A426D25D5235C00CC1A26 /* PokemonsListViewModelMock.swift */ = {isa = PBXFileReference; lastKnownFileType = sourcecode.swift; path = PokemonsListViewModelMock.swift; sourceTree = "<group>"; };
		B36A427225D59CDC00CC1A26 /* ConstantsTests.swift */ = {isa = PBXFileReference; lastKnownFileType = sourcecode.swift; path = ConstantsTests.swift; sourceTree = "<group>"; };
		B36A427725D5A04100CC1A26 /* PokemonsDetailsFetcherTests.swift */ = {isa = PBXFileReference; lastKnownFileType = sourcecode.swift; path = PokemonsDetailsFetcherTests.swift; sourceTree = "<group>"; };
		B36A427C25D5AAF700CC1A26 /* PokemonsDetailsFetcherSessionMock.swift */ = {isa = PBXFileReference; lastKnownFileType = sourcecode.swift; path = PokemonsDetailsFetcherSessionMock.swift; sourceTree = "<group>"; };
		B36A428525D6562300CC1A26 /* HorizontalProgressBarTests.swift */ = {isa = PBXFileReference; lastKnownFileType = sourcecode.swift; path = HorizontalProgressBarTests.swift; sourceTree = "<group>"; };
		B36A428D25D65EE000CC1A26 /* PokemonsTableViewCellTests.swift */ = {isa = PBXFileReference; lastKnownFileType = sourcecode.swift; path = PokemonsTableViewCellTests.swift; sourceTree = "<group>"; };
		B36A429225D664B000CC1A26 /* PokemonsDetailsViewControllerTests.swift */ = {isa = PBXFileReference; lastKnownFileType = sourcecode.swift; path = PokemonsDetailsViewControllerTests.swift; sourceTree = "<group>"; };
		B36A429725D664E800CC1A26 /* PokemonsListViewControllerTests.swift */ = {isa = PBXFileReference; lastKnownFileType = sourcecode.swift; path = PokemonsListViewControllerTests.swift; sourceTree = "<group>"; };
		B36A429F25D6669000CC1A26 /* PokemonsDetailsViewModelMock.swift */ = {isa = PBXFileReference; lastKnownFileType = sourcecode.swift; path = PokemonsDetailsViewModelMock.swift; sourceTree = "<group>"; };
		B37413BC25C9550300DF493C /* PokemonTableViewCell.swift */ = {isa = PBXFileReference; lastKnownFileType = sourcecode.swift; path = PokemonTableViewCell.swift; sourceTree = "<group>"; };
		B37413C225C9551900DF493C /* PokemonCellViewModel.swift */ = {isa = PBXFileReference; lastKnownFileType = sourcecode.swift; path = PokemonCellViewModel.swift; sourceTree = "<group>"; };
		B37413CB25C956C700DF493C /* Constants.swift */ = {isa = PBXFileReference; lastKnownFileType = sourcecode.swift; path = Constants.swift; sourceTree = "<group>"; };
		B37413D425C9592F00DF493C /* String+Extensions.swift */ = {isa = PBXFileReference; lastKnownFileType = sourcecode.swift; path = "String+Extensions.swift"; sourceTree = "<group>"; };
		B3F9962025C9856400222456 /* PokemonsDetailsViewController.swift */ = {isa = PBXFileReference; lastKnownFileType = sourcecode.swift; path = PokemonsDetailsViewController.swift; sourceTree = "<group>"; };
		B3F9962525C9857400222456 /* PokemonsDetailsViewModel.swift */ = {isa = PBXFileReference; lastKnownFileType = sourcecode.swift; path = PokemonsDetailsViewModel.swift; sourceTree = "<group>"; };
		B3F9962A25C9891700222456 /* PokemonsDetailsFetcher.swift */ = {isa = PBXFileReference; lastKnownFileType = sourcecode.swift; path = PokemonsDetailsFetcher.swift; sourceTree = "<group>"; };
		B3F9963425C9B53100222456 /* HTTPMethodTests.swift */ = {isa = PBXFileReference; fileEncoding = 4; lastKnownFileType = sourcecode.swift; path = HTTPMethodTests.swift; sourceTree = "<group>"; };
		B3F9963525C9B53200222456 /* HTTPSessionTests.swift */ = {isa = PBXFileReference; fileEncoding = 4; lastKnownFileType = sourcecode.swift; path = HTTPSessionTests.swift; sourceTree = "<group>"; };
		B3F9964025C9B54100222456 /* DataTaskMock.swift */ = {isa = PBXFileReference; fileEncoding = 4; lastKnownFileType = sourcecode.swift; path = DataTaskMock.swift; sourceTree = "<group>"; };
		B3F9964125C9B54100222456 /* NetworkSessionMock.swift */ = {isa = PBXFileReference; fileEncoding = 4; lastKnownFileType = sourcecode.swift; path = NetworkSessionMock.swift; sourceTree = "<group>"; };
		B3F9964225C9B54100222456 /* HTTPRequestMock.swift */ = {isa = PBXFileReference; fileEncoding = 4; lastKnownFileType = sourcecode.swift; path = HTTPRequestMock.swift; sourceTree = "<group>"; };
		B3F9964325C9B54100222456 /* MockEndpoint.swift */ = {isa = PBXFileReference; fileEncoding = 4; lastKnownFileType = sourcecode.swift; path = MockEndpoint.swift; sourceTree = "<group>"; };
		B3F9965025C9B55000222456 /* ServiceTests.swift */ = {isa = PBXFileReference; fileEncoding = 4; lastKnownFileType = sourcecode.swift; path = ServiceTests.swift; sourceTree = "<group>"; };
		B3F9965125C9B55000222456 /* PokemonsListFetcherServiceTests.swift */ = {isa = PBXFileReference; fileEncoding = 4; lastKnownFileType = sourcecode.swift; path = PokemonsListFetcherServiceTests.swift; sourceTree = "<group>"; };
		B3F9965225C9B55000222456 /* NetworkErrorTests.swift */ = {isa = PBXFileReference; fileEncoding = 4; lastKnownFileType = sourcecode.swift; path = NetworkErrorTests.swift; sourceTree = "<group>"; };
		B3F9965325C9B55000222456 /* PokemonsListResponseTests.swift */ = {isa = PBXFileReference; fileEncoding = 4; lastKnownFileType = sourcecode.swift; path = PokemonsListResponseTests.swift; sourceTree = "<group>"; };
		B3F9965425C9B55000222456 /* ServiceManagerTests.swift */ = {isa = PBXFileReference; fileEncoding = 4; lastKnownFileType = sourcecode.swift; path = ServiceManagerTests.swift; sourceTree = "<group>"; };
		B3F9965525C9B55100222456 /* PokemonsListTests.swift */ = {isa = PBXFileReference; fileEncoding = 4; lastKnownFileType = sourcecode.swift; path = PokemonsListTests.swift; sourceTree = "<group>"; };
		B3F9966C25C9B58800222456 /* UIView+Tests.swift */ = {isa = PBXFileReference; fileEncoding = 4; lastKnownFileType = sourcecode.swift; path = "UIView+Tests.swift"; sourceTree = "<group>"; };
		B3F9968525C9C97500222456 /* ImageDownloader.swift */ = {isa = PBXFileReference; lastKnownFileType = sourcecode.swift; path = ImageDownloader.swift; sourceTree = "<group>"; };
		B3F9968A25C9D33500222456 /* StringTests.swift */ = {isa = PBXFileReference; lastKnownFileType = sourcecode.swift; path = StringTests.swift; sourceTree = "<group>"; };
		B3F996A625CB22F700222456 /* HorizontalProgressBar.swift */ = {isa = PBXFileReference; lastKnownFileType = sourcecode.swift; path = HorizontalProgressBar.swift; sourceTree = "<group>"; };
		B3F996B125CBF0BB00222456 /* UIView+Extensions.swift */ = {isa = PBXFileReference; lastKnownFileType = sourcecode.swift; path = "UIView+Extensions.swift"; sourceTree = "<group>"; };
		B3F996B625CBF0C700222456 /* UIViewController+Extensions.swift */ = {isa = PBXFileReference; lastKnownFileType = sourcecode.swift; path = "UIViewController+Extensions.swift"; sourceTree = "<group>"; };
		F19E510B25C92F4D003D2487 /* Pokemon.app */ = {isa = PBXFileReference; explicitFileType = wrapper.application; includeInIndex = 0; path = Pokemon.app; sourceTree = BUILT_PRODUCTS_DIR; };
		F19E510E25C92F4D003D2487 /* AppDelegate.swift */ = {isa = PBXFileReference; lastKnownFileType = sourcecode.swift; path = AppDelegate.swift; sourceTree = "<group>"; };
		F19E511825C92F4D003D2487 /* Pokemon.xcdatamodel */ = {isa = PBXFileReference; lastKnownFileType = wrapper.xcdatamodel; path = Pokemon.xcdatamodel; sourceTree = "<group>"; };
		F19E511A25C92F55003D2487 /* Assets.xcassets */ = {isa = PBXFileReference; lastKnownFileType = folder.assetcatalog; path = Assets.xcassets; sourceTree = "<group>"; };
		F19E511D25C92F55003D2487 /* Base */ = {isa = PBXFileReference; lastKnownFileType = file.storyboard; name = Base; path = Base.lproj/LaunchScreen.storyboard; sourceTree = "<group>"; };
		F19E511F25C92F55003D2487 /* Info.plist */ = {isa = PBXFileReference; lastKnownFileType = text.plist.xml; path = Info.plist; sourceTree = "<group>"; };
		F19E512425C92F56003D2487 /* PokemonTests.xctest */ = {isa = PBXFileReference; explicitFileType = wrapper.cfbundle; includeInIndex = 0; path = PokemonTests.xctest; sourceTree = BUILT_PRODUCTS_DIR; };
		F19E512825C92F56003D2487 /* PokemonTests.swift */ = {isa = PBXFileReference; lastKnownFileType = sourcecode.swift; path = PokemonTests.swift; sourceTree = "<group>"; };
		F19E512A25C92F56003D2487 /* Info.plist */ = {isa = PBXFileReference; lastKnownFileType = text.plist.xml; path = Info.plist; sourceTree = "<group>"; };
		F19E512F25C92F56003D2487 /* PokemonUITests.xctest */ = {isa = PBXFileReference; explicitFileType = wrapper.cfbundle; includeInIndex = 0; path = PokemonUITests.xctest; sourceTree = BUILT_PRODUCTS_DIR; };
		F19E513325C92F56003D2487 /* PokemonUITests.swift */ = {isa = PBXFileReference; lastKnownFileType = sourcecode.swift; path = PokemonUITests.swift; sourceTree = "<group>"; };
		F19E513525C92F56003D2487 /* Info.plist */ = {isa = PBXFileReference; lastKnownFileType = text.plist.xml; path = Info.plist; sourceTree = "<group>"; };
		F19E515625C932AF003D2487 /* PokemonsListViewController.swift */ = {isa = PBXFileReference; fileEncoding = 4; lastKnownFileType = sourcecode.swift; path = PokemonsListViewController.swift; sourceTree = "<group>"; };
		F19E515725C932AF003D2487 /* PokemonsListViewModel.swift */ = {isa = PBXFileReference; fileEncoding = 4; lastKnownFileType = sourcecode.swift; path = PokemonsListViewModel.swift; sourceTree = "<group>"; };
		F19E516125C932CA003D2487 /* PokemonsListFetcher.swift */ = {isa = PBXFileReference; fileEncoding = 4; lastKnownFileType = sourcecode.swift; path = PokemonsListFetcher.swift; sourceTree = "<group>"; };
		F19E516225C932CA003D2487 /* Reachability.swift */ = {isa = PBXFileReference; fileEncoding = 4; lastKnownFileType = sourcecode.swift; path = Reachability.swift; sourceTree = "<group>"; };
		F19E516325C932CA003D2487 /* Pokemon.swift */ = {isa = PBXFileReference; fileEncoding = 4; lastKnownFileType = sourcecode.swift; path = Pokemon.swift; sourceTree = "<group>"; };
		F19E516B25C932DB003D2487 /* HTTPManagerService.swift */ = {isa = PBXFileReference; fileEncoding = 4; lastKnownFileType = sourcecode.swift; path = HTTPManagerService.swift; sourceTree = "<group>"; };
		F19E516C25C932DB003D2487 /* HTTPMethod.swift */ = {isa = PBXFileReference; fileEncoding = 4; lastKnownFileType = sourcecode.swift; path = HTTPMethod.swift; sourceTree = "<group>"; };
		F19E516D25C932DB003D2487 /* HTTPRequestSession.swift */ = {isa = PBXFileReference; fileEncoding = 4; lastKnownFileType = sourcecode.swift; path = HTTPRequestSession.swift; sourceTree = "<group>"; };
		F19E516E25C932DB003D2487 /* HTTPRequest.swift */ = {isa = PBXFileReference; fileEncoding = 4; lastKnownFileType = sourcecode.swift; path = HTTPRequest.swift; sourceTree = "<group>"; };
		F19E516F25C932DB003D2487 /* HTTPServiceRequest.swift */ = {isa = PBXFileReference; fileEncoding = 4; lastKnownFileType = sourcecode.swift; path = HTTPServiceRequest.swift; sourceTree = "<group>"; };
		F19E517925C932EB003D2487 /* NetworkError.swift */ = {isa = PBXFileReference; fileEncoding = 4; lastKnownFileType = sourcecode.swift; path = NetworkError.swift; sourceTree = "<group>"; };
		F19E517A25C932EB003D2487 /* Service.swift */ = {isa = PBXFileReference; fileEncoding = 4; lastKnownFileType = sourcecode.swift; path = Service.swift; sourceTree = "<group>"; };
		F19E517B25C932EB003D2487 /* NetworkManager.swift */ = {isa = PBXFileReference; fileEncoding = 4; lastKnownFileType = sourcecode.swift; path = NetworkManager.swift; sourceTree = "<group>"; };
		F19E517C25C932EB003D2487 /* Endpoint.swift */ = {isa = PBXFileReference; fileEncoding = 4; lastKnownFileType = sourcecode.swift; path = Endpoint.swift; sourceTree = "<group>"; };
/* End PBXFileReference section */

/* Begin PBXFrameworksBuildPhase section */
		F19E510825C92F4D003D2487 /* Frameworks */ = {
			isa = PBXFrameworksBuildPhase;
			buildActionMask = 2147483647;
			files = (
			);
			runOnlyForDeploymentPostprocessing = 0;
		};
		F19E512125C92F56003D2487 /* Frameworks */ = {
			isa = PBXFrameworksBuildPhase;
			buildActionMask = 2147483647;
			files = (
			);
			runOnlyForDeploymentPostprocessing = 0;
		};
		F19E512C25C92F56003D2487 /* Frameworks */ = {
			isa = PBXFrameworksBuildPhase;
			buildActionMask = 2147483647;
			files = (
			);
			runOnlyForDeploymentPostprocessing = 0;
		};
/* End PBXFrameworksBuildPhase section */

/* Begin PBXGroup section */
		B301EDA225CC17470059EB39 /* Model */ = {
			isa = PBXGroup;
			children = (
				B301EDA325CC17500059EB39 /* Data */,
				F19E516025C932B9003D2487 /* Network */,
			);
			path = Model;
			sourceTree = "<group>";
		};
		B301EDA325CC17500059EB39 /* Data */ = {
			isa = PBXGroup;
			children = (
				B301EDA425CC17650059EB39 /* DataBaseManager.swift */,
			);
			path = Data;
			sourceTree = "<group>";
		};
		B36A428425D6561100CC1A26 /* Views */ = {
			isa = PBXGroup;
			children = (
				B36A428525D6562300CC1A26 /* HorizontalProgressBarTests.swift */,
				B36A428D25D65EE000CC1A26 /* PokemonsTableViewCellTests.swift */,
			);
			path = Views;
			sourceTree = "<group>";
		};
		B37413C125C9550800DF493C /* Cell */ = {
			isa = PBXGroup;
			children = (
				B37413BC25C9550300DF493C /* PokemonTableViewCell.swift */,
				B37413C225C9551900DF493C /* PokemonCellViewModel.swift */,
			);
			path = Cell;
			sourceTree = "<group>";
		};
		B37413CA25C956B400DF493C /* Constants */ = {
			isa = PBXGroup;
			children = (
				B37413CB25C956C700DF493C /* Constants.swift */,
			);
			path = Constants;
			sourceTree = "<group>";
		};
		B37413D325C9592500DF493C /* Extensions */ = {
			isa = PBXGroup;
			children = (
				B37413D425C9592F00DF493C /* String+Extensions.swift */,
				B3F996B125CBF0BB00222456 /* UIView+Extensions.swift */,
				B3F996B625CBF0C700222456 /* UIViewController+Extensions.swift */,
				B301ED9D25CC0FF30059EB39 /* UILabel+Extensions.swift */,
				B301EDD325D322FA0059EB39 /* Atomic.swift */,
			);
			path = Extensions;
			sourceTree = "<group>";
		};
		B3F9961E25C9852600222456 /* PokemonsList */ = {
			isa = PBXGroup;
			children = (
				B37413C125C9550800DF493C /* Cell */,
				F19E515625C932AF003D2487 /* PokemonsListViewController.swift */,
				F19E515725C932AF003D2487 /* PokemonsListViewModel.swift */,
			);
			path = PokemonsList;
			sourceTree = "<group>";
		};
		B3F9961F25C9853900222456 /* PokemonsDetails */ = {
			isa = PBXGroup;
			children = (
				B3F9962025C9856400222456 /* PokemonsDetailsViewController.swift */,
				B3F9962525C9857400222456 /* PokemonsDetailsViewModel.swift */,
			);
			path = PokemonsDetails;
			sourceTree = "<group>";
		};
		B3F9963125C9B4C900222456 /* Network */ = {
			isa = PBXGroup;
			children = (
				B3F9965225C9B55000222456 /* NetworkErrorTests.swift */,
				B3F9965125C9B55000222456 /* PokemonsListFetcherServiceTests.swift */,
				B3F9965325C9B55000222456 /* PokemonsListResponseTests.swift */,
				B36A427725D5A04100CC1A26 /* PokemonsDetailsFetcherTests.swift */,
				B3F9965525C9B55100222456 /* PokemonsListTests.swift */,
				B3F9965425C9B55000222456 /* ServiceManagerTests.swift */,
				B3F9965025C9B55000222456 /* ServiceTests.swift */,
				B3F9963325C9B50000222456 /* HTTP */,
			);
			path = Network;
			sourceTree = "<group>";
		};
		B3F9963225C9B4F900222456 /* Mocks */ = {
			isa = PBXGroup;
			children = (
				B3F9964025C9B54100222456 /* DataTaskMock.swift */,
				B3F9964225C9B54100222456 /* HTTPRequestMock.swift */,
				B3F9964325C9B54100222456 /* MockEndpoint.swift */,
				B3F9964125C9B54100222456 /* NetworkSessionMock.swift */,
				B301EDE025D51CE40059EB39 /* PokemonsListFetcherSessionMock.swift */,
				B36A425E25D51D8900CC1A26 /* PokemonsListFetcherMock.swift */,
				B36A426325D51EA700CC1A26 /* PokemonsDetailsFetcherMock.swift */,
				B36A426825D51F1F00CC1A26 /* BaseDataManagerMock.swift */,
				B36A426D25D5235C00CC1A26 /* PokemonsListViewModelMock.swift */,
				B36A427C25D5AAF700CC1A26 /* PokemonsDetailsFetcherSessionMock.swift */,
				B36A429F25D6669000CC1A26 /* PokemonsDetailsViewModelMock.swift */,
			);
			path = Mocks;
			sourceTree = "<group>";
		};
		B3F9963325C9B50000222456 /* HTTP */ = {
			isa = PBXGroup;
			children = (
				B3F9963425C9B53100222456 /* HTTPMethodTests.swift */,
				B3F9963525C9B53200222456 /* HTTPSessionTests.swift */,
			);
			path = HTTP;
			sourceTree = "<group>";
		};
		B3F9966225C9B56800222456 /* ViewControllers */ = {
			isa = PBXGroup;
			children = (
				B301EDCE25CC63AE0059EB39 /* PokemonsDetailsViewModelTests.swift */,
				B301EDDB25D5124C0059EB39 /* PokemonsListViewModelTests.swift */,
				B36A429225D664B000CC1A26 /* PokemonsDetailsViewControllerTests.swift */,
				B36A429725D664E800CC1A26 /* PokemonsListViewControllerTests.swift */,
			);
			path = ViewControllers;
			sourceTree = "<group>";
		};
		B3F9966B25C9B58000222456 /* Extensions */ = {
			isa = PBXGroup;
			children = (
				B3F9966C25C9B58800222456 /* UIView+Tests.swift */,
				B3F9968A25C9D33500222456 /* StringTests.swift */,
			);
			path = Extensions;
			sourceTree = "<group>";
		};
		B3F996A525CB22E500222456 /* Views */ = {
			isa = PBXGroup;
			children = (
				B3F996A625CB22F700222456 /* HorizontalProgressBar.swift */,
			);
			path = Views;
			sourceTree = "<group>";
		};
		F19E510225C92F4D003D2487 = {
			isa = PBXGroup;
			children = (
				F19E510D25C92F4D003D2487 /* Pokemon */,
				F19E512725C92F56003D2487 /* PokemonTests */,
				F19E513225C92F56003D2487 /* PokemonUITests */,
				F19E510C25C92F4D003D2487 /* Products */,
			);
			sourceTree = "<group>";
		};
		F19E510C25C92F4D003D2487 /* Products */ = {
			isa = PBXGroup;
			children = (
				F19E510B25C92F4D003D2487 /* Pokemon.app */,
				F19E512425C92F56003D2487 /* PokemonTests.xctest */,
				F19E512F25C92F56003D2487 /* PokemonUITests.xctest */,
			);
			name = Products;
			sourceTree = "<group>";
		};
		F19E510D25C92F4D003D2487 /* Pokemon */ = {
			isa = PBXGroup;
			children = (
				B301EDA225CC17470059EB39 /* Model */,
				B3F996A525CB22E500222456 /* Views */,
				B37413D325C9592500DF493C /* Extensions */,
				B37413CA25C956B400DF493C /* Constants */,
				F19E515525C9329C003D2487 /* ViewControllers */,
				F19E510E25C92F4D003D2487 /* AppDelegate.swift */,
				F19E511A25C92F55003D2487 /* Assets.xcassets */,
				F19E511F25C92F55003D2487 /* Info.plist */,
				F19E511C25C92F55003D2487 /* LaunchScreen.storyboard */,
				F19E511725C92F4D003D2487 /* Pokemon.xcdatamodeld */,
			);
			path = Pokemon;
			sourceTree = "<group>";
		};
		F19E512725C92F56003D2487 /* PokemonTests */ = {
			isa = PBXGroup;
			children = (
				B36A428425D6561100CC1A26 /* Views */,
				B3F9966B25C9B58000222456 /* Extensions */,
				B3F9966225C9B56800222456 /* ViewControllers */,
				B3F9963225C9B4F900222456 /* Mocks */,
				B3F9963125C9B4C900222456 /* Network */,
				F19E512825C92F56003D2487 /* PokemonTests.swift */,
				F19E512A25C92F56003D2487 /* Info.plist */,
				B36A427225D59CDC00CC1A26 /* ConstantsTests.swift */,
			);
			path = PokemonTests;
			sourceTree = "<group>";
		};
		F19E513225C92F56003D2487 /* PokemonUITests */ = {
			isa = PBXGroup;
			children = (
				F19E513325C92F56003D2487 /* PokemonUITests.swift */,
				F19E513525C92F56003D2487 /* Info.plist */,
			);
			path = PokemonUITests;
			sourceTree = "<group>";
		};
		F19E515525C9329C003D2487 /* ViewControllers */ = {
			isa = PBXGroup;
			children = (
				B3F9961F25C9853900222456 /* PokemonsDetails */,
				B3F9961E25C9852600222456 /* PokemonsList */,
			);
			path = ViewControllers;
			sourceTree = "<group>";
		};
		F19E516025C932B9003D2487 /* Network */ = {
			isa = PBXGroup;
			children = (
				F19E517825C932DF003D2487 /* Manager */,
				F19E516A25C932D1003D2487 /* HTTP */,
				F19E516325C932CA003D2487 /* Pokemon.swift */,
				F19E516125C932CA003D2487 /* PokemonsListFetcher.swift */,
				F19E516225C932CA003D2487 /* Reachability.swift */,
				B3F9962A25C9891700222456 /* PokemonsDetailsFetcher.swift */,
				B3F9968525C9C97500222456 /* ImageDownloader.swift */,
			);
			path = Network;
			sourceTree = "<group>";
		};
		F19E516A25C932D1003D2487 /* HTTP */ = {
			isa = PBXGroup;
			children = (
				F19E516B25C932DB003D2487 /* HTTPManagerService.swift */,
				F19E516C25C932DB003D2487 /* HTTPMethod.swift */,
				F19E516E25C932DB003D2487 /* HTTPRequest.swift */,
				F19E516D25C932DB003D2487 /* HTTPRequestSession.swift */,
				F19E516F25C932DB003D2487 /* HTTPServiceRequest.swift */,
			);
			path = HTTP;
			sourceTree = "<group>";
		};
		F19E517825C932DF003D2487 /* Manager */ = {
			isa = PBXGroup;
			children = (
				F19E517C25C932EB003D2487 /* Endpoint.swift */,
				F19E517925C932EB003D2487 /* NetworkError.swift */,
				F19E517B25C932EB003D2487 /* NetworkManager.swift */,
				F19E517A25C932EB003D2487 /* Service.swift */,
			);
			path = Manager;
			sourceTree = "<group>";
		};
/* End PBXGroup section */

/* Begin PBXNativeTarget section */
		F19E510A25C92F4D003D2487 /* Pokemon */ = {
			isa = PBXNativeTarget;
			buildConfigurationList = F19E513825C92F56003D2487 /* Build configuration list for PBXNativeTarget "Pokemon" */;
			buildPhases = (
				F19E510725C92F4D003D2487 /* Sources */,
				F19E510825C92F4D003D2487 /* Frameworks */,
				F19E510925C92F4D003D2487 /* Resources */,
			);
			buildRules = (
			);
			dependencies = (
			);
			name = Pokemon;
			productName = Pokemon;
			productReference = F19E510B25C92F4D003D2487 /* Pokemon.app */;
			productType = "com.apple.product-type.application";
		};
		F19E512325C92F56003D2487 /* PokemonTests */ = {
			isa = PBXNativeTarget;
			buildConfigurationList = F19E513B25C92F56003D2487 /* Build configuration list for PBXNativeTarget "PokemonTests" */;
			buildPhases = (
				F19E512025C92F56003D2487 /* Sources */,
				F19E512125C92F56003D2487 /* Frameworks */,
				F19E512225C92F56003D2487 /* Resources */,
			);
			buildRules = (
			);
			dependencies = (
				F19E512625C92F56003D2487 /* PBXTargetDependency */,
			);
			name = PokemonTests;
			productName = PokemonTests;
			productReference = F19E512425C92F56003D2487 /* PokemonTests.xctest */;
			productType = "com.apple.product-type.bundle.unit-test";
		};
		F19E512E25C92F56003D2487 /* PokemonUITests */ = {
			isa = PBXNativeTarget;
			buildConfigurationList = F19E513E25C92F56003D2487 /* Build configuration list for PBXNativeTarget "PokemonUITests" */;
			buildPhases = (
				F19E512B25C92F56003D2487 /* Sources */,
				F19E512C25C92F56003D2487 /* Frameworks */,
				F19E512D25C92F56003D2487 /* Resources */,
			);
			buildRules = (
			);
			dependencies = (
				F19E513125C92F56003D2487 /* PBXTargetDependency */,
			);
			name = PokemonUITests;
			productName = PokemonUITests;
			productReference = F19E512F25C92F56003D2487 /* PokemonUITests.xctest */;
			productType = "com.apple.product-type.bundle.ui-testing";
		};
/* End PBXNativeTarget section */

/* Begin PBXProject section */
		F19E510325C92F4D003D2487 /* Project object */ = {
			isa = PBXProject;
			attributes = {
				LastSwiftUpdateCheck = 1230;
				LastUpgradeCheck = 1230;
				TargetAttributes = {
					F19E510A25C92F4D003D2487 = {
						CreatedOnToolsVersion = 12.3;
					};
					F19E512325C92F56003D2487 = {
						CreatedOnToolsVersion = 12.3;
						TestTargetID = F19E510A25C92F4D003D2487;
					};
					F19E512E25C92F56003D2487 = {
						CreatedOnToolsVersion = 12.3;
						TestTargetID = F19E510A25C92F4D003D2487;
					};
				};
			};
			buildConfigurationList = F19E510625C92F4D003D2487 /* Build configuration list for PBXProject "Pokemon" */;
			compatibilityVersion = "Xcode 9.3";
			developmentRegion = en;
			hasScannedForEncodings = 0;
			knownRegions = (
				en,
				Base,
			);
			mainGroup = F19E510225C92F4D003D2487;
			productRefGroup = F19E510C25C92F4D003D2487 /* Products */;
			projectDirPath = "";
			projectRoot = "";
			targets = (
				F19E510A25C92F4D003D2487 /* Pokemon */,
				F19E512325C92F56003D2487 /* PokemonTests */,
				F19E512E25C92F56003D2487 /* PokemonUITests */,
			);
		};
/* End PBXProject section */

/* Begin PBXResourcesBuildPhase section */
		F19E510925C92F4D003D2487 /* Resources */ = {
			isa = PBXResourcesBuildPhase;
			buildActionMask = 2147483647;
			files = (
				F19E511E25C92F55003D2487 /* LaunchScreen.storyboard in Resources */,
				F19E511B25C92F55003D2487 /* Assets.xcassets in Resources */,
			);
			runOnlyForDeploymentPostprocessing = 0;
		};
		F19E512225C92F56003D2487 /* Resources */ = {
			isa = PBXResourcesBuildPhase;
			buildActionMask = 2147483647;
			files = (
			);
			runOnlyForDeploymentPostprocessing = 0;
		};
		F19E512D25C92F56003D2487 /* Resources */ = {
			isa = PBXResourcesBuildPhase;
			buildActionMask = 2147483647;
			files = (
			);
			runOnlyForDeploymentPostprocessing = 0;
		};
/* End PBXResourcesBuildPhase section */

/* Begin PBXSourcesBuildPhase section */
		F19E510725C92F4D003D2487 /* Sources */ = {
			isa = PBXSourcesBuildPhase;
			buildActionMask = 2147483647;
			files = (
				B3F9962125C9856400222456 /* PokemonsDetailsViewController.swift in Sources */,
				B3F996A725CB22F700222456 /* HorizontalProgressBar.swift in Sources */,
				F19E517225C932DB003D2487 /* HTTPRequestSession.swift in Sources */,
				B37413C325C9551900DF493C /* PokemonCellViewModel.swift in Sources */,
				B301EDD425D322FA0059EB39 /* Atomic.swift in Sources */,
				F19E517D25C932EB003D2487 /* NetworkError.swift in Sources */,
				F19E517E25C932EB003D2487 /* Service.swift in Sources */,
				B3F9962625C9857400222456 /* PokemonsDetailsViewModel.swift in Sources */,
				F19E516525C932CA003D2487 /* Reachability.swift in Sources */,
				F19E517F25C932EB003D2487 /* NetworkManager.swift in Sources */,
				F19E516625C932CA003D2487 /* Pokemon.swift in Sources */,
				F19E515825C932AF003D2487 /* PokemonsListViewController.swift in Sources */,
				B3F9968625C9C97500222456 /* ImageDownloader.swift in Sources */,
				F19E517425C932DB003D2487 /* HTTPServiceRequest.swift in Sources */,
				B301EDA525CC17650059EB39 /* DataBaseManager.swift in Sources */,
				B37413BD25C9550300DF493C /* PokemonTableViewCell.swift in Sources */,
				F19E515925C932AF003D2487 /* PokemonsListViewModel.swift in Sources */,
				F19E516425C932CA003D2487 /* PokemonsListFetcher.swift in Sources */,
				B37413D525C9592F00DF493C /* String+Extensions.swift in Sources */,
				F19E517025C932DB003D2487 /* HTTPManagerService.swift in Sources */,
				B3F996B225CBF0BB00222456 /* UIView+Extensions.swift in Sources */,
				B3F9962B25C9891700222456 /* PokemonsDetailsFetcher.swift in Sources */,
				B301ED9E25CC0FF30059EB39 /* UILabel+Extensions.swift in Sources */,
				F19E511925C92F4D003D2487 /* Pokemon.xcdatamodeld in Sources */,
				B37413CC25C956C700DF493C /* Constants.swift in Sources */,
				B3F996B725CBF0C700222456 /* UIViewController+Extensions.swift in Sources */,
				F19E517325C932DB003D2487 /* HTTPRequest.swift in Sources */,
				F19E517125C932DB003D2487 /* HTTPMethod.swift in Sources */,
				F19E518025C932EB003D2487 /* Endpoint.swift in Sources */,
				F19E510F25C92F4D003D2487 /* AppDelegate.swift in Sources */,
			);
			runOnlyForDeploymentPostprocessing = 0;
		};
		F19E512025C92F56003D2487 /* Sources */ = {
			isa = PBXSourcesBuildPhase;
			buildActionMask = 2147483647;
			files = (
				B36A426425D51EA700CC1A26 /* PokemonsDetailsFetcherMock.swift in Sources */,
				B3F9964725C9B54100222456 /* NetworkSessionMock.swift in Sources */,
				B36A427825D5A04100CC1A26 /* PokemonsDetailsFetcherTests.swift in Sources */,
				B3F9964625C9B54100222456 /* DataTaskMock.swift in Sources */,
				B36A426E25D5235C00CC1A26 /* PokemonsListViewModelMock.swift in Sources */,
				B3F9965725C9B55100222456 /* PokemonsListFetcherServiceTests.swift in Sources */,
				B36A426925D51F1F00CC1A26 /* BaseDataManagerMock.swift in Sources */,
				B3F9964825C9B54100222456 /* HTTPRequestMock.swift in Sources */,
				B36A428625D6562300CC1A26 /* HorizontalProgressBarTests.swift in Sources */,
				B36A42A025D6669100CC1A26 /* PokemonsDetailsViewModelMock.swift in Sources */,
				B36A427325D59CDC00CC1A26 /* ConstantsTests.swift in Sources */,
				B3F9965925C9B55100222456 /* PokemonsListResponseTests.swift in Sources */,
				B36A427D25D5AAF700CC1A26 /* PokemonsDetailsFetcherSessionMock.swift in Sources */,
				B3F9968B25C9D33500222456 /* StringTests.swift in Sources */,
				B36A425F25D51D8900CC1A26 /* PokemonsListFetcherMock.swift in Sources */,
				B3F9965825C9B55100222456 /* NetworkErrorTests.swift in Sources */,
				B3F9964925C9B54100222456 /* MockEndpoint.swift in Sources */,
				B301EDE125D51CE40059EB39 /* PokemonsListFetcherSessionMock.swift in Sources */,
				B3F9965A25C9B55100222456 /* ServiceManagerTests.swift in Sources */,
				B3F9963625C9B53200222456 /* HTTPMethodTests.swift in Sources */,
				F19E512925C92F56003D2487 /* PokemonTests.swift in Sources */,
				B301EDDC25D5124C0059EB39 /* PokemonsListViewModelTests.swift in Sources */,
				B36A429825D664E800CC1A26 /* PokemonsListViewControllerTests.swift in Sources */,
				B3F9963725C9B53200222456 /* HTTPSessionTests.swift in Sources */,
				B3F9966D25C9B58800222456 /* UIView+Tests.swift in Sources */,
				B36A429325D664B000CC1A26 /* PokemonsDetailsViewControllerTests.swift in Sources */,
				B3F9965B25C9B55100222456 /* PokemonsListTests.swift in Sources */,
				B3F9965625C9B55100222456 /* ServiceTests.swift in Sources */,
				B36A428E25D65EE000CC1A26 /* PokemonsTableViewCellTests.swift in Sources */,
				B301EDCF25CC63AE0059EB39 /* PokemonsDetailsViewModelTests.swift in Sources */,
			);
			runOnlyForDeploymentPostprocessing = 0;
		};
		F19E512B25C92F56003D2487 /* Sources */ = {
			isa = PBXSourcesBuildPhase;
			buildActionMask = 2147483647;
			files = (
				F19E513425C92F56003D2487 /* PokemonUITests.swift in Sources */,
			);
			runOnlyForDeploymentPostprocessing = 0;
		};
/* End PBXSourcesBuildPhase section */

/* Begin PBXTargetDependency section */
		F19E512625C92F56003D2487 /* PBXTargetDependency */ = {
			isa = PBXTargetDependency;
			target = F19E510A25C92F4D003D2487 /* Pokemon */;
			targetProxy = F19E512525C92F56003D2487 /* PBXContainerItemProxy */;
		};
		F19E513125C92F56003D2487 /* PBXTargetDependency */ = {
			isa = PBXTargetDependency;
			target = F19E510A25C92F4D003D2487 /* Pokemon */;
			targetProxy = F19E513025C92F56003D2487 /* PBXContainerItemProxy */;
		};
/* End PBXTargetDependency section */

/* Begin PBXVariantGroup section */
		F19E511C25C92F55003D2487 /* LaunchScreen.storyboard */ = {
			isa = PBXVariantGroup;
			children = (
				F19E511D25C92F55003D2487 /* Base */,
			);
			name = LaunchScreen.storyboard;
			sourceTree = "<group>";
		};
/* End PBXVariantGroup section */

/* Begin XCBuildConfiguration section */
		F19E513625C92F56003D2487 /* Debug */ = {
			isa = XCBuildConfiguration;
			buildSettings = {
				ALWAYS_SEARCH_USER_PATHS = NO;
				CLANG_ANALYZER_NONNULL = YES;
				CLANG_ANALYZER_NUMBER_OBJECT_CONVERSION = YES_AGGRESSIVE;
				CLANG_CXX_LANGUAGE_STANDARD = "gnu++14";
				CLANG_CXX_LIBRARY = "libc++";
				CLANG_ENABLE_MODULES = YES;
				CLANG_ENABLE_OBJC_ARC = YES;
				CLANG_ENABLE_OBJC_WEAK = YES;
				CLANG_WARN_BLOCK_CAPTURE_AUTORELEASING = YES;
				CLANG_WARN_BOOL_CONVERSION = YES;
				CLANG_WARN_COMMA = YES;
				CLANG_WARN_CONSTANT_CONVERSION = YES;
				CLANG_WARN_DEPRECATED_OBJC_IMPLEMENTATIONS = YES;
				CLANG_WARN_DIRECT_OBJC_ISA_USAGE = YES_ERROR;
				CLANG_WARN_DOCUMENTATION_COMMENTS = YES;
				CLANG_WARN_EMPTY_BODY = YES;
				CLANG_WARN_ENUM_CONVERSION = YES;
				CLANG_WARN_INFINITE_RECURSION = YES;
				CLANG_WARN_INT_CONVERSION = YES;
				CLANG_WARN_NON_LITERAL_NULL_CONVERSION = YES;
				CLANG_WARN_OBJC_IMPLICIT_RETAIN_SELF = YES;
				CLANG_WARN_OBJC_LITERAL_CONVERSION = YES;
				CLANG_WARN_OBJC_ROOT_CLASS = YES_ERROR;
				CLANG_WARN_QUOTED_INCLUDE_IN_FRAMEWORK_HEADER = YES;
				CLANG_WARN_RANGE_LOOP_ANALYSIS = YES;
				CLANG_WARN_STRICT_PROTOTYPES = YES;
				CLANG_WARN_SUSPICIOUS_MOVE = YES;
				CLANG_WARN_UNGUARDED_AVAILABILITY = YES_AGGRESSIVE;
				CLANG_WARN_UNREACHABLE_CODE = YES;
				CLANG_WARN__DUPLICATE_METHOD_MATCH = YES;
				COPY_PHASE_STRIP = NO;
				DEBUG_INFORMATION_FORMAT = dwarf;
				ENABLE_STRICT_OBJC_MSGSEND = YES;
				ENABLE_TESTABILITY = YES;
				GCC_C_LANGUAGE_STANDARD = gnu11;
				GCC_DYNAMIC_NO_PIC = NO;
				GCC_NO_COMMON_BLOCKS = YES;
				GCC_OPTIMIZATION_LEVEL = 0;
				GCC_PREPROCESSOR_DEFINITIONS = (
					"DEBUG=1",
					"$(inherited)",
				);
				GCC_WARN_64_TO_32_BIT_CONVERSION = YES;
				GCC_WARN_ABOUT_RETURN_TYPE = YES_ERROR;
				GCC_WARN_UNDECLARED_SELECTOR = YES;
				GCC_WARN_UNINITIALIZED_AUTOS = YES_AGGRESSIVE;
				GCC_WARN_UNUSED_FUNCTION = YES;
				GCC_WARN_UNUSED_VARIABLE = YES;
				IPHONEOS_DEPLOYMENT_TARGET = 11;
				MTL_ENABLE_DEBUG_INFO = INCLUDE_SOURCE;
				MTL_FAST_MATH = YES;
				ONLY_ACTIVE_ARCH = YES;
				SDKROOT = iphoneos;
				SWIFT_ACTIVE_COMPILATION_CONDITIONS = DEBUG;
				SWIFT_OPTIMIZATION_LEVEL = "-Onone";
			};
			name = Debug;
		};
		F19E513725C92F56003D2487 /* Release */ = {
			isa = XCBuildConfiguration;
			buildSettings = {
				ALWAYS_SEARCH_USER_PATHS = NO;
				CLANG_ANALYZER_NONNULL = YES;
				CLANG_ANALYZER_NUMBER_OBJECT_CONVERSION = YES_AGGRESSIVE;
				CLANG_CXX_LANGUAGE_STANDARD = "gnu++14";
				CLANG_CXX_LIBRARY = "libc++";
				CLANG_ENABLE_MODULES = YES;
				CLANG_ENABLE_OBJC_ARC = YES;
				CLANG_ENABLE_OBJC_WEAK = YES;
				CLANG_WARN_BLOCK_CAPTURE_AUTORELEASING = YES;
				CLANG_WARN_BOOL_CONVERSION = YES;
				CLANG_WARN_COMMA = YES;
				CLANG_WARN_CONSTANT_CONVERSION = YES;
				CLANG_WARN_DEPRECATED_OBJC_IMPLEMENTATIONS = YES;
				CLANG_WARN_DIRECT_OBJC_ISA_USAGE = YES_ERROR;
				CLANG_WARN_DOCUMENTATION_COMMENTS = YES;
				CLANG_WARN_EMPTY_BODY = YES;
				CLANG_WARN_ENUM_CONVERSION = YES;
				CLANG_WARN_INFINITE_RECURSION = YES;
				CLANG_WARN_INT_CONVERSION = YES;
				CLANG_WARN_NON_LITERAL_NULL_CONVERSION = YES;
				CLANG_WARN_OBJC_IMPLICIT_RETAIN_SELF = YES;
				CLANG_WARN_OBJC_LITERAL_CONVERSION = YES;
				CLANG_WARN_OBJC_ROOT_CLASS = YES_ERROR;
				CLANG_WARN_QUOTED_INCLUDE_IN_FRAMEWORK_HEADER = YES;
				CLANG_WARN_RANGE_LOOP_ANALYSIS = YES;
				CLANG_WARN_STRICT_PROTOTYPES = YES;
				CLANG_WARN_SUSPICIOUS_MOVE = YES;
				CLANG_WARN_UNGUARDED_AVAILABILITY = YES_AGGRESSIVE;
				CLANG_WARN_UNREACHABLE_CODE = YES;
				CLANG_WARN__DUPLICATE_METHOD_MATCH = YES;
				COPY_PHASE_STRIP = NO;
				DEBUG_INFORMATION_FORMAT = "dwarf-with-dsym";
				ENABLE_NS_ASSERTIONS = NO;
				ENABLE_STRICT_OBJC_MSGSEND = YES;
				GCC_C_LANGUAGE_STANDARD = gnu11;
				GCC_NO_COMMON_BLOCKS = YES;
				GCC_WARN_64_TO_32_BIT_CONVERSION = YES;
				GCC_WARN_ABOUT_RETURN_TYPE = YES_ERROR;
				GCC_WARN_UNDECLARED_SELECTOR = YES;
				GCC_WARN_UNINITIALIZED_AUTOS = YES_AGGRESSIVE;
				GCC_WARN_UNUSED_FUNCTION = YES;
				GCC_WARN_UNUSED_VARIABLE = YES;
				IPHONEOS_DEPLOYMENT_TARGET = 11;
				MTL_ENABLE_DEBUG_INFO = NO;
				MTL_FAST_MATH = YES;
				SDKROOT = iphoneos;
				SWIFT_COMPILATION_MODE = wholemodule;
				SWIFT_OPTIMIZATION_LEVEL = "-O";
				VALIDATE_PRODUCT = YES;
			};
			name = Release;
		};
		F19E513925C92F56003D2487 /* Debug */ = {
			isa = XCBuildConfiguration;
			buildSettings = {
				ASSETCATALOG_COMPILER_APPICON_NAME = AppIcon;
				ASSETCATALOG_COMPILER_GLOBAL_ACCENT_COLOR_NAME = AccentColor;
				CODE_SIGN_STYLE = Automatic;
				INFOPLIST_FILE = Pokemon/Info.plist;
				IPHONEOS_DEPLOYMENT_TARGET = 11.0;
				LD_RUNPATH_SEARCH_PATHS = (
					"$(inherited)",
					"@executable_path/Frameworks",
				);
				PRODUCT_BUNDLE_IDENTIFIER = com.salome.Pokemon;
				PRODUCT_NAME = "$(TARGET_NAME)";
				SWIFT_VERSION = 5.0;
				TARGETED_DEVICE_FAMILY = "1,2";
			};
			name = Debug;
		};
		F19E513A25C92F56003D2487 /* Release */ = {
			isa = XCBuildConfiguration;
			buildSettings = {
				ASSETCATALOG_COMPILER_APPICON_NAME = AppIcon;
				ASSETCATALOG_COMPILER_GLOBAL_ACCENT_COLOR_NAME = AccentColor;
				CODE_SIGN_STYLE = Automatic;
				INFOPLIST_FILE = Pokemon/Info.plist;
				IPHONEOS_DEPLOYMENT_TARGET = 11.0;
				LD_RUNPATH_SEARCH_PATHS = (
					"$(inherited)",
					"@executable_path/Frameworks",
				);
				PRODUCT_BUNDLE_IDENTIFIER = com.salome.Pokemon;
				PRODUCT_NAME = "$(TARGET_NAME)";
				SWIFT_VERSION = 5.0;
				TARGETED_DEVICE_FAMILY = "1,2";
			};
			name = Release;
		};
		F19E513C25C92F56003D2487 /* Debug */ = {
			isa = XCBuildConfiguration;
			buildSettings = {
				ALWAYS_EMBED_SWIFT_STANDARD_LIBRARIES = YES;
				BUNDLE_LOADER = "$(TEST_HOST)";
				CODE_SIGN_STYLE = Automatic;
				INFOPLIST_FILE = PokemonTests/Info.plist;
				IPHONEOS_DEPLOYMENT_TARGET = 14.3;
				LD_RUNPATH_SEARCH_PATHS = (
					"$(inherited)",
					"@executable_path/Frameworks",
					"@loader_path/Frameworks",
				);
				PRODUCT_BUNDLE_IDENTIFIER = com.salome.PokemonTests;
				PRODUCT_NAME = "$(TARGET_NAME)";
				SWIFT_VERSION = 5.0;
				TARGETED_DEVICE_FAMILY = "1,2";
				TEST_HOST = "$(BUILT_PRODUCTS_DIR)/Pokemon.app/Pokemon";
			};
			name = Debug;
		};
		F19E513D25C92F56003D2487 /* Release */ = {
			isa = XCBuildConfiguration;
			buildSettings = {
				ALWAYS_EMBED_SWIFT_STANDARD_LIBRARIES = YES;
				BUNDLE_LOADER = "$(TEST_HOST)";
				CODE_SIGN_STYLE = Automatic;
				INFOPLIST_FILE = PokemonTests/Info.plist;
				IPHONEOS_DEPLOYMENT_TARGET = 14.3;
				LD_RUNPATH_SEARCH_PATHS = (
					"$(inherited)",
					"@executable_path/Frameworks",
					"@loader_path/Frameworks",
				);
				PRODUCT_BUNDLE_IDENTIFIER = com.salome.PokemonTests;
				PRODUCT_NAME = "$(TARGET_NAME)";
				SWIFT_VERSION = 5.0;
				TARGETED_DEVICE_FAMILY = "1,2";
				TEST_HOST = "$(BUILT_PRODUCTS_DIR)/Pokemon.app/Pokemon";
			};
			name = Release;
		};
		F19E513F25C92F56003D2487 /* Debug */ = {
			isa = XCBuildConfiguration;
			buildSettings = {
				ALWAYS_EMBED_SWIFT_STANDARD_LIBRARIES = YES;
				CODE_SIGN_STYLE = Automatic;
				INFOPLIST_FILE = PokemonUITests/Info.plist;
				LD_RUNPATH_SEARCH_PATHS = (
					"$(inherited)",
					"@executable_path/Frameworks",
					"@loader_path/Frameworks",
				);
				PRODUCT_BUNDLE_IDENTIFIER = com.salome.PokemonUITests;
				PRODUCT_NAME = "$(TARGET_NAME)";
				SWIFT_VERSION = 5.0;
				TARGETED_DEVICE_FAMILY = "1,2";
				TEST_TARGET_NAME = Pokemon;
			};
			name = Debug;
		};
		F19E514025C92F56003D2487 /* Release */ = {
			isa = XCBuildConfiguration;
			buildSettings = {
				ALWAYS_EMBED_SWIFT_STANDARD_LIBRARIES = YES;
				CODE_SIGN_STYLE = Automatic;
				INFOPLIST_FILE = PokemonUITests/Info.plist;
				LD_RUNPATH_SEARCH_PATHS = (
					"$(inherited)",
					"@executable_path/Frameworks",
					"@loader_path/Frameworks",
				);
				PRODUCT_BUNDLE_IDENTIFIER = com.salome.PokemonUITests;
				PRODUCT_NAME = "$(TARGET_NAME)";
				SWIFT_VERSION = 5.0;
				TARGETED_DEVICE_FAMILY = "1,2";
				TEST_TARGET_NAME = Pokemon;
			};
			name = Release;
		};
/* End XCBuildConfiguration section */

/* Begin XCConfigurationList section */
		F19E510625C92F4D003D2487 /* Build configuration list for PBXProject "Pokemon" */ = {
			isa = XCConfigurationList;
			buildConfigurations = (
				F19E513625C92F56003D2487 /* Debug */,
				F19E513725C92F56003D2487 /* Release */,
			);
			defaultConfigurationIsVisible = 0;
			defaultConfigurationName = Release;
		};
		F19E513825C92F56003D2487 /* Build configuration list for PBXNativeTarget "Pokemon" */ = {
			isa = XCConfigurationList;
			buildConfigurations = (
				F19E513925C92F56003D2487 /* Debug */,
				F19E513A25C92F56003D2487 /* Release */,
			);
			defaultConfigurationIsVisible = 0;
			defaultConfigurationName = Release;
		};
		F19E513B25C92F56003D2487 /* Build configuration list for PBXNativeTarget "PokemonTests" */ = {
			isa = XCConfigurationList;
			buildConfigurations = (
				F19E513C25C92F56003D2487 /* Debug */,
				F19E513D25C92F56003D2487 /* Release */,
			);
			defaultConfigurationIsVisible = 0;
			defaultConfigurationName = Release;
		};
		F19E513E25C92F56003D2487 /* Build configuration list for PBXNativeTarget "PokemonUITests" */ = {
			isa = XCConfigurationList;
			buildConfigurations = (
				F19E513F25C92F56003D2487 /* Debug */,
				F19E514025C92F56003D2487 /* Release */,
			);
			defaultConfigurationIsVisible = 0;
			defaultConfigurationName = Release;
		};
/* End XCConfigurationList section */

/* Begin XCVersionGroup section */
		F19E511725C92F4D003D2487 /* Pokemon.xcdatamodeld */ = {
			isa = XCVersionGroup;
			children = (
				F19E511825C92F4D003D2487 /* Pokemon.xcdatamodel */,
			);
			currentVersion = F19E511825C92F4D003D2487 /* Pokemon.xcdatamodel */;
			path = Pokemon.xcdatamodeld;
			sourceTree = "<group>";
			versionGroupType = wrapper.xcdatamodel;
		};
/* End XCVersionGroup section */
	};
	rootObject = F19E510325C92F4D003D2487 /* Project object */;
}
